
Microsoft Visual Studio Solution File, Format Version 12.00
# Visual Studio 15
Project("{FAE04EC0-301F-11D3-BF4B-00C04F79EFBC}") = "ALPHA", "ALPHA.csproj", "{479B6C85-3DE8-5B82-6BE7-43F033CAFA36}"
EndProject
Project("{FAE04EC0-301F-11D3-BF4B-00C04F79EFBC}") = "ALPHA.Editor", "ALPHA.Editor.csproj", "{57873DDC-D81A-6B40-B9A0-07E1A0CC9B51}"
EndProject
Global
	GlobalSection(SolutionConfigurationPlatforms) = preSolution
		Debug|Any CPU = Debug|Any CPU
		Release|Any CPU = Release|Any CPU
	EndGlobalSection
	GlobalSection(ProjectConfigurationPlatforms) = postSolution
		{479B6C85-3DE8-5B82-6BE7-43F033CAFA36}.Debug|Any CPU.ActiveCfg = Debug|Any CPU
		{479B6C85-3DE8-5B82-6BE7-43F033CAFA36}.Debug|Any CPU.Build.0 = Debug|Any CPU
		{479B6C85-3DE8-5B82-6BE7-43F033CAFA36}.Release|Any CPU.ActiveCfg = Release|Any CPU
		{479B6C85-3DE8-5B82-6BE7-43F033CAFA36}.Release|Any CPU.Build.0 = Release|Any CPU
		{57873DDC-D81A-6B40-B9A0-07E1A0CC9B51}.Debug|Any CPU.ActiveCfg = Debug|Any CPU
		{57873DDC-D81A-6B40-B9A0-07E1A0CC9B51}.Debug|Any CPU.Build.0 = Debug|Any CPU
		{57873DDC-D81A-6B40-B9A0-07E1A0CC9B51}.Release|Any CPU.ActiveCfg = Release|Any CPU
		{57873DDC-D81A-6B40-B9A0-07E1A0CC9B51}.Release|Any CPU.Build.0 = Release|Any CPU
	EndGlobalSection
	GlobalSection(SolutionProperties) = preSolution
		HideSolutionNode = FALSE
	EndGlobalSection
EndGlobal
